
Microsoft Visual Studio Solution File, Format Version 12.00
# Visual Studio Version 17
VisualStudioVersion = 17.5.33414.496
MinimumVisualStudioVersion = 10.0.40219.1
Project("{FAE04EC0-301F-11D3-BF4B-00C04F79EFBC}") = "StockQuoteAlert", "StockQuoteAlert\StockQuoteAlert.csproj", "{AA7B9767-9633-4C03-A2BF-C9C6023BC991}"
EndProject
Global
	GlobalSection(SolutionConfigurationPlatforms) = preSolution
		Debug|Any CPU = Debug|Any CPU
		Release|Any CPU = Release|Any CPU
	EndGlobalSection
	GlobalSection(ProjectConfigurationPlatforms) = postSolution
		{AA7B9767-9633-4C03-A2BF-C9C6023BC991}.Debug|Any CPU.ActiveCfg = Debug|Any CPU
		{AA7B9767-9633-4C03-A2BF-C9C6023BC991}.Debug|Any CPU.Build.0 = Debug|Any CPU
		{AA7B9767-9633-4C03-A2BF-C9C6023BC991}.Release|Any CPU.ActiveCfg = Release|Any CPU
		{AA7B9767-9633-4C03-A2BF-C9C6023BC991}.Release|Any CPU.Build.0 = Release|Any CPU
	EndGlobalSection
	GlobalSection(SolutionProperties) = preSolution
		HideSolutionNode = FALSE
	EndGlobalSection
	GlobalSection(ExtensibilityGlobals) = postSolution
		SolutionGuid = {0FA3448C-5D93-4FD0-94FA-F4EF9E741DA5}
	EndGlobalSection
EndGlobal
